
Microsoft Visual Studio Solution File, Format Version 12.00
# Visual Studio Version 17
VisualStudioVersion = 17.11.35327.3
MinimumVisualStudioVersion = 10.0.40219.1
Project("{9A19103F-16F7-4668-BE54-9A1E7A4F7556}") = "Join", "Join.csproj", "{3DDF26A1-D548-4A7F-9930-91BEEC41EF79}"
EndProject
Global
	GlobalSection(SolutionConfigurationPlatforms) = preSolution
		Debug|Any CPU = Debug|Any CPU
		Release|Any CPU = Release|Any CPU
	EndGlobalSection
	GlobalSection(ProjectConfigurationPlatforms) = postSolution
		{3DDF26A1-D548-4A7F-9930-91BEEC41EF79}.Debug|Any CPU.ActiveCfg = Debug|Any CPU
		{3DDF26A1-D548-4A7F-9930-91BEEC41EF79}.Debug|Any CPU.Build.0 = Debug|Any CPU
		{3DDF26A1-D548-4A7F-9930-91BEEC41EF79}.Release|Any CPU.ActiveCfg = Release|Any CPU
		{3DDF26A1-D548-4A7F-9930-91BEEC41EF79}.Release|Any CPU.Build.0 = Release|Any CPU
	EndGlobalSection
	GlobalSection(SolutionProperties) = preSolution
		HideSolutionNode = FALSE
	EndGlobalSection
	GlobalSection(ExtensibilityGlobals) = postSolution
		SolutionGuid = {E06730F4-C1C7-4F8C-9F65-87EB11C31288}
	EndGlobalSection
EndGlobal
